{
    "inputs": {
        "github:edolstra/import-cargo": {
            "id": "import-cargo",
            "inputs": {},
            "narHash": "sha256-OymzyduYP3zayQn2NrBSeKOQW7tTwKUWc/ayMq+UN4Q=",
            "nonFlakeInputs": {},
            "uri": "github:edolstra/import-cargo/f4ffb9360aa8186d56ed0e0e4d923454ffc7f188"
        },
        "nixpkgs": {
            "id": "nixpkgs",
            "inputs": {},
            "narHash": "sha256-nqoTgie8RxaL7r9o9UWKykhWYA5bFd7KQ3CJStX8tbE=",
            "nonFlakeInputs": {},
            "uri": "github:edolstra/nixpkgs/2ec095b2f2634cd9dcd489269ec21b05cee3e035"
        }
    },
    "nonFlakeInputs": {
        "grcov": {
            "narHash": "sha256-wHfdRHQQbG1Qk6G34HHOhdZMxxUebIaKOZkJD6obaWo=",
            "uri": "github:mozilla/grcov/6471bb938c1306be97b830ae72571cb2e1ef0094"
        }
    },
    "version": 2
}
