{
    "inputs": {
        "grcov": {
            "inputs": {},
            "narHash": "sha256-kanCngq3gUM9lTjHogWMHyH4KYA9dx9JScbs16yVJDQ=",
            "uri": "github:mozilla/grcov/d46cfb609d66bc3cf9ea8b4260058b3163f56c2a"
        },
        "import-cargo": {
            "inputs": {},
            "narHash": "sha256-wIXWOpX9rRjK5NDsL6WzuuBJl2R0kUCnlpZUrASykSc=",
            "uri": "github:edolstra/import-cargo/8abf7b3a8cbe1c8a885391f826357a74d382a422"
        },
        "nixpkgs": {
            "inputs": {},
            "narHash": "sha256-TrLhI3xPkTTznE9gcMHhkHirGNN7N02zM4DxJ/U3WRs=",
            "uri": "github:edolstra/nixpkgs/24bf27fc215e8300877dfa1c426b9966bbfbd150"
        }
    },
    "version": 2
}
